<?xml version="1.0" encoding="utf-8"?>
<Project ToolsVersion="4.0" xmlns="http://schemas.microsoft.com/developer/msbuild/2003">
  <ItemGroup>
    <Filter Include="Source Files">
      <UniqueIdentifier>{4FC737F1-C7A5-4376-A066-2A32D752A2FF}</UniqueIdentifier>
      <Extensions>cpp;c;cc;cxx;def;odl;idl;hpj;bat;asm;asmx</Extensions>
    </Filter>
    <Filter Include="Header Files">
      <UniqueIdentifier>{93995380-89BD-4b04-88EB-625FBE52EBFB}</UniqueIdentifier>
      <Extensions>h;hh;hpp;hxx;hm;inl;inc;xsd</Extensions>
    </Filter>
    <Filter Include="Resource Files">
      <UniqueIdentifier>{67DA6AB6-F800-4c08-8B7A-83BB121AAD01}</UniqueIdentifier>
      <Extensions>rc;ico;cur;bmp;dlg;rc2;rct;bin;rgs;gif;jpg;jpeg;jpe;resx;tiff;tif;png;wav;mfcribbon-ms</Extensions>
    </Filter>
  </ItemGroup>
  <ItemGroup>
    <ClCompile Include="FfiSpike.cpp">
      <Filter>Source Files</Filter>
    </ClCompile>
    <ClCompile Include="json.hpp">
      <Filter>Header Files</Filter>
    </ClCompile>
    <ClCompile Include="PlistCpp\pugixml.cpp">
      <Filter>Source Files</Filter>
    </ClCompile>
    <ClCompile Include="PlistCpp\Plist.cpp">
      <Filter>Source Files</Filter>
    </ClCompile>
    <ClCompile Include="PlistCpp\PlistDate.cpp">
      <Filter>Source Files</Filter>
    </ClCompile>
    <ClCompile Include="FileHelper.cpp">
      <Filter>Header Files</Filter>
    </ClCompile>
    <ClCompile Include="SocketHelper.cpp">
      <Filter>Header Files</Filter>
    </ClCompile>
    <ClCompile Include="StringHelper.cpp">
      <Filter>Source Files</Filter>
    </ClCompile>
    <ClCompile Include="GDBHelper.cpp">
      <Filter>Source Files</Filter>
    </ClCompile>
    <ClCompile Include="windows_impl.cpp">
      <Filter>Source Files</Filter>
    </ClCompile>
    <ClCompile Include="mac_impl.cpp">
      <Filter>Source Files</Filter>
    </ClCompile>
    <ClCompile Include="Printing.cpp">
      <Filter>Source Files</Filter>
    </ClCompile>
  </ItemGroup>
  <ItemGroup>
    <ClInclude Include="PlistCpp\base64.hpp">
      <Filter>Header Files</Filter>
    </ClInclude>
    <ClInclude Include="PlistCpp\Plist.hpp">
      <Filter>Header Files</Filter>
    </ClInclude>
    <ClInclude Include="PlistCpp\PlistDate.hpp">
      <Filter>Header Files</Filter>
    </ClInclude>
    <ClInclude Include="PlistCpp\pugiconfig.hpp">
      <Filter>Header Files</Filter>
    </ClInclude>
    <ClInclude Include="PlistCpp\pugixml.hpp">
      <Filter>Header Files</Filter>
    </ClInclude>
    <ClInclude Include="PlistCpp\include\boost\config\abi\borland_prefix.hpp">
      <Filter>Header Files</Filter>
    </ClInclude>
    <ClInclude Include="PlistCpp\include\boost\config\abi\borland_suffix.hpp">
      <Filter>Header Files</Filter>
    </ClInclude>
    <ClInclude Include="PlistCpp\include\boost\config\abi\msvc_prefix.hpp">
      <Filter>Header Files</Filter>
    </ClInclude>
    <ClInclude Include="PlistCpp\include\boost\config\abi\msvc_suffix.hpp">
      <Filter>Header Files</Filter>
    </ClInclude>
    <ClInclude Include="PlistCpp\include\boost\config\compiler\borland.hpp">
      <Filter>Header Files</Filter>
    </ClInclude>
    <ClInclude Include="PlistCpp\include\boost\config\compiler\clang.hpp">
      <Filter>Header Files</Filter>
    </ClInclude>
    <ClInclude Include="PlistCpp\include\boost\config\compiler\codegear.hpp">
      <Filter>Header Files</Filter>
    </ClInclude>
    <ClInclude Include="PlistCpp\include\boost\config\compiler\comeau.hpp">
      <Filter>Header Files</Filter>
    </ClInclude>
    <ClInclude Include="PlistCpp\include\boost\config\compiler\common_edg.hpp">
      <Filter>Header Files</Filter>
    </ClInclude>
    <ClInclude Include="PlistCpp\include\boost\config\compiler\compaq_cxx.hpp">
      <Filter>Header Files</Filter>
    </ClInclude>
    <ClInclude Include="PlistCpp\include\boost\config\compiler\cray.hpp">
      <Filter>Header Files</Filter>
    </ClInclude>
    <ClInclude Include="PlistCpp\include\boost\config\compiler\digitalmars.hpp">
      <Filter>Header Files</Filter>
    </ClInclude>
    <ClInclude Include="PlistCpp\include\boost\config\compiler\gcc.hpp">
      <Filter>Header Files</Filter>
    </ClInclude>
    <ClInclude Include="PlistCpp\include\boost\config\compiler\gcc_xml.hpp">
      <Filter>Header Files</Filter>
    </ClInclude>
    <ClInclude Include="PlistCpp\include\boost\config\compiler\greenhills.hpp">
      <Filter>Header Files</Filter>
    </ClInclude>
    <ClInclude Include="PlistCpp\include\boost\config\compiler\hp_acc.hpp">
      <Filter>Header Files</Filter>
    </ClInclude>
    <ClInclude Include="PlistCpp\include\boost\config\compiler\intel.hpp">
      <Filter>Header Files</Filter>
    </ClInclude>
    <ClInclude Include="PlistCpp\include\boost\config\compiler\kai.hpp">
      <Filter>Header Files</Filter>
    </ClInclude>
    <ClInclude Include="PlistCpp\include\boost\config\compiler\metrowerks.hpp">
      <Filter>Header Files</Filter>
    </ClInclude>
    <ClInclude Include="PlistCpp\include\boost\config\compiler\mpw.hpp">
      <Filter>Header Files</Filter>
    </ClInclude>
    <ClInclude Include="PlistCpp\include\boost\config\compiler\nvcc.hpp">
      <Filter>Header Files</Filter>
    </ClInclude>
    <ClInclude Include="PlistCpp\include\boost\config\compiler\pathscale.hpp">
      <Filter>Header Files</Filter>
    </ClInclude>
    <ClInclude Include="PlistCpp\include\boost\config\compiler\pgi.hpp">
      <Filter>Header Files</Filter>
    </ClInclude>
    <ClInclude Include="PlistCpp\include\boost\config\compiler\sgi_mipspro.hpp">
      <Filter>Header Files</Filter>
    </ClInclude>
    <ClInclude Include="PlistCpp\include\boost\config\compiler\sunpro_cc.hpp">
      <Filter>Header Files</Filter>
    </ClInclude>
    <ClInclude Include="PlistCpp\include\boost\config\compiler\vacpp.hpp">
      <Filter>Header Files</Filter>
    </ClInclude>
    <ClInclude Include="PlistCpp\include\boost\config\compiler\visualc.hpp">
      <Filter>Header Files</Filter>
    </ClInclude>
    <ClInclude Include="PlistCpp\include\boost\config\no_tr1\cmath.hpp">
      <Filter>Header Files</Filter>
    </ClInclude>
    <ClInclude Include="PlistCpp\include\boost\config\no_tr1\complex.hpp">
      <Filter>Header Files</Filter>
    </ClInclude>
    <ClInclude Include="PlistCpp\include\boost\config\no_tr1\functional.hpp">
      <Filter>Header Files</Filter>
    </ClInclude>
    <ClInclude Include="PlistCpp\include\boost\config\no_tr1\memory.hpp">
      <Filter>Header Files</Filter>
    </ClInclude>
    <ClInclude Include="PlistCpp\include\boost\config\no_tr1\utility.hpp">
      <Filter>Header Files</Filter>
    </ClInclude>
    <ClInclude Include="PlistCpp\include\boost\config\platform\aix.hpp">
      <Filter>Header Files</Filter>
    </ClInclude>
    <ClInclude Include="PlistCpp\include\boost\config\platform\amigaos.hpp">
      <Filter>Header Files</Filter>
    </ClInclude>
    <ClInclude Include="PlistCpp\include\boost\config\platform\beos.hpp">
      <Filter>Header Files</Filter>
    </ClInclude>
    <ClInclude Include="PlistCpp\include\boost\config\platform\bsd.hpp">
      <Filter>Header Files</Filter>
    </ClInclude>
    <ClInclude Include="PlistCpp\include\boost\config\platform\cray.hpp">
      <Filter>Header Files</Filter>
    </ClInclude>
    <ClInclude Include="PlistCpp\include\boost\config\platform\cygwin.hpp">
      <Filter>Header Files</Filter>
    </ClInclude>
    <ClInclude Include="PlistCpp\include\boost\config\platform\hpux.hpp">
      <Filter>Header Files</Filter>
    </ClInclude>
    <ClInclude Include="PlistCpp\include\boost\config\platform\irix.hpp">
      <Filter>Header Files</Filter>
    </ClInclude>
    <ClInclude Include="PlistCpp\include\boost\config\platform\linux.hpp">
      <Filter>Header Files</Filter>
    </ClInclude>
    <ClInclude Include="PlistCpp\include\boost\config\platform\macos.hpp">
      <Filter>Header Files</Filter>
    </ClInclude>
    <ClInclude Include="PlistCpp\include\boost\config\platform\qnxnto.hpp">
      <Filter>Header Files</Filter>
    </ClInclude>
    <ClInclude Include="PlistCpp\include\boost\config\platform\solaris.hpp">
      <Filter>Header Files</Filter>
    </ClInclude>
    <ClInclude Include="PlistCpp\include\boost\config\platform\symbian.hpp">
      <Filter>Header Files</Filter>
    </ClInclude>
    <ClInclude Include="PlistCpp\include\boost\config\platform\vms.hpp">
      <Filter>Header Files</Filter>
    </ClInclude>
    <ClInclude Include="PlistCpp\include\boost\config\platform\vxworks.hpp">
      <Filter>Header Files</Filter>
    </ClInclude>
    <ClInclude Include="PlistCpp\include\boost\config\platform\win32.hpp">
      <Filter>Header Files</Filter>
    </ClInclude>
    <ClInclude Include="PlistCpp\include\boost\config\stdlib\dinkumware.hpp">
      <Filter>Header Files</Filter>
    </ClInclude>
    <ClInclude Include="PlistCpp\include\boost\config\stdlib\libcomo.hpp">
      <Filter>Header Files</Filter>
    </ClInclude>
    <ClInclude Include="PlistCpp\include\boost\config\stdlib\libcpp.hpp">
      <Filter>Header Files</Filter>
    </ClInclude>
    <ClInclude Include="PlistCpp\include\boost\config\stdlib\libstdcpp3.hpp">
      <Filter>Header Files</Filter>
    </ClInclude>
    <ClInclude Include="PlistCpp\include\boost\config\stdlib\modena.hpp">
      <Filter>Header Files</Filter>
    </ClInclude>
    <ClInclude Include="PlistCpp\include\boost\config\stdlib\msl.hpp">
      <Filter>Header Files</Filter>
    </ClInclude>
    <ClInclude Include="PlistCpp\include\boost\config\stdlib\roguewave.hpp">
      <Filter>Header Files</Filter>
    </ClInclude>
    <ClInclude Include="PlistCpp\include\boost\config\stdlib\sgi.hpp">
      <Filter>Header Files</Filter>
    </ClInclude>
    <ClInclude Include="PlistCpp\include\boost\config\stdlib\stlport.hpp">
      <Filter>Header Files</Filter>
    </ClInclude>
    <ClInclude Include="PlistCpp\include\boost\config\stdlib\vacpp.hpp">
      <Filter>Header Files</Filter>
    </ClInclude>
    <ClInclude Include="PlistCpp\include\boost\config\abi_prefix.hpp">
      <Filter>Header Files</Filter>
    </ClInclude>
    <ClInclude Include="PlistCpp\include\boost\config\abi_suffix.hpp">
      <Filter>Header Files</Filter>
    </ClInclude>
    <ClInclude Include="PlistCpp\include\boost\config\auto_link.hpp">
      <Filter>Header Files</Filter>
    </ClInclude>
    <ClInclude Include="PlistCpp\include\boost\config\posix_features.hpp">
      <Filter>Header Files</Filter>
    </ClInclude>
    <ClInclude Include="PlistCpp\include\boost\config\requires_threads.hpp">
      <Filter>Header Files</Filter>
    </ClInclude>
    <ClInclude Include="PlistCpp\include\boost\config\select_compiler_config.hpp">
      <Filter>Header Files</Filter>
    </ClInclude>
    <ClInclude Include="PlistCpp\include\boost\config\select_platform_config.hpp">
      <Filter>Header Files</Filter>
    </ClInclude>
    <ClInclude Include="PlistCpp\include\boost\config\select_stdlib_config.hpp">
      <Filter>Header Files</Filter>
    </ClInclude>
    <ClInclude Include="PlistCpp\include\boost\config\suffix.hpp">
      <Filter>Header Files</Filter>
    </ClInclude>
    <ClInclude Include="PlistCpp\include\boost\config\user.hpp">
      <Filter>Header Files</Filter>
    </ClInclude>
    <ClInclude Include="PlistCpp\include\boost\config\warning_disable.hpp">
      <Filter>Header Files</Filter>
    </ClInclude>
    <ClInclude Include="PlistCpp\include\boost\detail\workaround.hpp">
      <Filter>Header Files</Filter>
    </ClInclude>
    <ClInclude Include="PlistCpp\include\boost\exception\detail\attribute_noreturn.hpp">
      <Filter>Header Files</Filter>
    </ClInclude>
    <ClInclude Include="PlistCpp\include\boost\exception\exception.hpp">
      <Filter>Header Files</Filter>
    </ClInclude>
    <ClInclude Include="PlistCpp\include\boost\locale\definitions.hpp">
      <Filter>Header Files</Filter>
    </ClInclude>
    <ClInclude Include="PlistCpp\include\boost\locale\encoding_errors.hpp">
      <Filter>Header Files</Filter>
    </ClInclude>
    <ClInclude Include="PlistCpp\include\boost\locale\encoding_utf.hpp">
      <Filter>Header Files</Filter>
    </ClInclude>
    <ClInclude Include="PlistCpp\include\boost\locale\utf.hpp">
      <Filter>Header Files</Filter>
    </ClInclude>
    <ClInclude Include="PlistCpp\include\boost\mpl\aux_\config\adl.hpp">
      <Filter>Header Files</Filter>
    </ClInclude>
    <ClInclude Include="PlistCpp\include\boost\mpl\aux_\config\arrays.hpp">
      <Filter>Header Files</Filter>
    </ClInclude>
    <ClInclude Include="PlistCpp\include\boost\mpl\aux_\config\ctps.hpp">
      <Filter>Header Files</Filter>
    </ClInclude>
    <ClInclude Include="PlistCpp\include\boost\mpl\aux_\config\dtp.hpp">
      <Filter>Header Files</Filter>
    </ClInclude>
    <ClInclude Include="PlistCpp\include\boost\mpl\aux_\config\eti.hpp">
      <Filter>Header Files</Filter>
    </ClInclude>
    <ClInclude Include="PlistCpp\include\boost\mpl\aux_\config\gcc.hpp">
      <Filter>Header Files</Filter>
    </ClInclude>
    <ClInclude Include="PlistCpp\include\boost\mpl\aux_\config\integral.hpp">
      <Filter>Header Files</Filter>
    </ClInclude>
    <ClInclude Include="PlistCpp\include\boost\mpl\aux_\config\intel.hpp">
      <Filter>Header Files</Filter>
    </ClInclude>
    <ClInclude Include="PlistCpp\include\boost\mpl\aux_\config\lambda.hpp">
      <Filter>Header Files</Filter>
    </ClInclude>
    <ClInclude Include="PlistCpp\include\boost\mpl\aux_\config\msvc.hpp">
      <Filter>Header Files</Filter>
    </ClInclude>
    <ClInclude Include="PlistCpp\include\boost\mpl\aux_\config\nttp.hpp">
      <Filter>Header Files</Filter>
    </ClInclude>
    <ClInclude Include="PlistCpp\include\boost\mpl\aux_\config\overload_resolution.hpp">
      <Filter>Header Files</Filter>
    </ClInclude>
    <ClInclude Include="PlistCpp\include\boost\mpl\aux_\config\preprocessor.hpp">
      <Filter>Header Files</Filter>
    </ClInclude>
    <ClInclude Include="PlistCpp\include\boost\mpl\aux_\config\static_constant.hpp">
      <Filter>Header Files</Filter>
    </ClInclude>
    <ClInclude Include="PlistCpp\include\boost\mpl\aux_\config\ttp.hpp">
      <Filter>Header Files</Filter>
    </ClInclude>
    <ClInclude Include="PlistCpp\include\boost\mpl\aux_\config\workaround.hpp">
      <Filter>Header Files</Filter>
    </ClInclude>
    <ClInclude Include="PlistCpp\include\boost\mpl\aux_\preprocessor\def_params_tail.hpp">
      <Filter>Header Files</Filter>
    </ClInclude>
    <ClInclude Include="PlistCpp\include\boost\mpl\aux_\preprocessor\enum.hpp">
      <Filter>Header Files</Filter>
    </ClInclude>
    <ClInclude Include="PlistCpp\include\boost\mpl\aux_\preprocessor\filter_params.hpp">
      <Filter>Header Files</Filter>
    </ClInclude>
    <ClInclude Include="PlistCpp\include\boost\mpl\aux_\preprocessor\params.hpp">
      <Filter>Header Files</Filter>
    </ClInclude>
    <ClInclude Include="PlistCpp\include\boost\mpl\aux_\preprocessor\sub.hpp">
      <Filter>Header Files</Filter>
    </ClInclude>
    <ClInclude Include="PlistCpp\include\boost\mpl\aux_\preprocessor\tuple.hpp">
      <Filter>Header Files</Filter>
    </ClInclude>
    <ClInclude Include="PlistCpp\include\boost\mpl\aux_\adl_barrier.hpp">
      <Filter>Header Files</Filter>
    </ClInclude>
    <ClInclude Include="PlistCpp\include\boost\mpl\aux_\arity.hpp">
      <Filter>Header Files</Filter>
    </ClInclude>
    <ClInclude Include="PlistCpp\include\boost\mpl\aux_\integral_wrapper.hpp">
      <Filter>Header Files</Filter>
    </ClInclude>
    <ClInclude Include="PlistCpp\include\boost\mpl\aux_\lambda_arity_param.hpp">
      <Filter>Header Files</Filter>
    </ClInclude>
    <ClInclude Include="PlistCpp\include\boost\mpl\aux_\lambda_support.hpp">
      <Filter>Header Files</Filter>
    </ClInclude>
    <ClInclude Include="PlistCpp\include\boost\mpl\aux_\na.hpp">
      <Filter>Header Files</Filter>
    </ClInclude>
    <ClInclude Include="PlistCpp\include\boost\mpl\aux_\na_fwd.hpp">
      <Filter>Header Files</Filter>
    </ClInclude>
    <ClInclude Include="PlistCpp\include\boost\mpl\aux_\na_spec.hpp">
      <Filter>Header Files</Filter>
    </ClInclude>
    <ClInclude Include="PlistCpp\include\boost\mpl\aux_\nttp_decl.hpp">
      <Filter>Header Files</Filter>
    </ClInclude>
    <ClInclude Include="PlistCpp\include\boost\mpl\aux_\static_cast.hpp">
      <Filter>Header Files</Filter>
    </ClInclude>
    <ClInclude Include="PlistCpp\include\boost\mpl\aux_\template_arity_fwd.hpp">
      <Filter>Header Files</Filter>
    </ClInclude>
    <ClInclude Include="PlistCpp\include\boost\mpl\aux_\value_wknd.hpp">
      <Filter>Header Files</Filter>
    </ClInclude>
    <ClInclude Include="PlistCpp\include\boost\mpl\aux_\yes_no.hpp">
      <Filter>Header Files</Filter>
    </ClInclude>
    <ClInclude Include="PlistCpp\include\boost\mpl\limits\arity.hpp">
      <Filter>Header Files</Filter>
    </ClInclude>
    <ClInclude Include="PlistCpp\include\boost\mpl\bool.hpp">
      <Filter>Header Files</Filter>
    </ClInclude>
    <ClInclude Include="PlistCpp\include\boost\mpl\bool_fwd.hpp">
      <Filter>Header Files</Filter>
    </ClInclude>
    <ClInclude Include="PlistCpp\include\boost\mpl\eval_if.hpp">
      <Filter>Header Files</Filter>
    </ClInclude>
    <ClInclude Include="PlistCpp\include\boost\mpl\identity.hpp">
      <Filter>Header Files</Filter>
    </ClInclude>
    <ClInclude Include="PlistCpp\include\boost\mpl\if.hpp">
      <Filter>Header Files</Filter>
    </ClInclude>
    <ClInclude Include="PlistCpp\include\boost\mpl\int.hpp">
      <Filter>Header Files</Filter>
    </ClInclude>
    <ClInclude Include="PlistCpp\include\boost\mpl\int_fwd.hpp">
      <Filter>Header Files</Filter>
    </ClInclude>
    <ClInclude Include="PlistCpp\include\boost\mpl\integral_c.hpp">
      <Filter>Header Files</Filter>
    </ClInclude>
    <ClInclude Include="PlistCpp\include\boost\mpl\integral_c_fwd.hpp">
      <Filter>Header Files</Filter>
    </ClInclude>
    <ClInclude Include="PlistCpp\include\boost\mpl\integral_c_tag.hpp">
      <Filter>Header Files</Filter>
    </ClInclude>
    <ClInclude Include="PlistCpp\include\boost\mpl\lambda_fwd.hpp">
      <Filter>Header Files</Filter>
    </ClInclude>
    <ClInclude Include="PlistCpp\include\boost\mpl\void_fwd.hpp">
      <Filter>Header Files</Filter>
    </ClInclude>
    <ClInclude Include="PlistCpp\include\boost\preprocessor\arithmetic\add.hpp">
      <Filter>Header Files</Filter>
    </ClInclude>
    <ClInclude Include="PlistCpp\include\boost\preprocessor\arithmetic\dec.hpp">
      <Filter>Header Files</Filter>
    </ClInclude>
    <ClInclude Include="PlistCpp\include\boost\preprocessor\arithmetic\inc.hpp">
      <Filter>Header Files</Filter>
    </ClInclude>
    <ClInclude Include="PlistCpp\include\boost\preprocessor\arithmetic\sub.hpp">
      <Filter>Header Files</Filter>
    </ClInclude>
    <ClInclude Include="PlistCpp\include\boost\preprocessor\array\data.hpp">
      <Filter>Header Files</Filter>
    </ClInclude>
    <ClInclude Include="PlistCpp\include\boost\preprocessor\array\elem.hpp">
      <Filter>Header Files</Filter>
    </ClInclude>
    <ClInclude Include="PlistCpp\include\boost\preprocessor\array\size.hpp">
      <Filter>Header Files</Filter>
    </ClInclude>
    <ClInclude Include="PlistCpp\include\boost\preprocessor\config\config.hpp">
      <Filter>Header Files</Filter>
    </ClInclude>
    <ClInclude Include="PlistCpp\include\boost\preprocessor\control\detail\dmc\while.hpp">
      <Filter>Header Files</Filter>
    </ClInclude>
    <ClInclude Include="PlistCpp\include\boost\preprocessor\control\detail\edg\while.hpp">
      <Filter>Header Files</Filter>
    </ClInclude>
    <ClInclude Include="PlistCpp\include\boost\preprocessor\control\detail\msvc\while.hpp">
      <Filter>Header Files</Filter>
    </ClInclude>
    <ClInclude Include="PlistCpp\include\boost\preprocessor\control\detail\while.hpp">
      <Filter>Header Files</Filter>
    </ClInclude>
    <ClInclude Include="PlistCpp\include\boost\preprocessor\control\expr_iif.hpp">
      <Filter>Header Files</Filter>
    </ClInclude>
    <ClInclude Include="PlistCpp\include\boost\preprocessor\control\if.hpp">
      <Filter>Header Files</Filter>
    </ClInclude>
    <ClInclude Include="PlistCpp\include\boost\preprocessor\control\iif.hpp">
      <Filter>Header Files</Filter>
    </ClInclude>
    <ClInclude Include="PlistCpp\include\boost\preprocessor\control\while.hpp">
      <Filter>Header Files</Filter>
    </ClInclude>
    <ClInclude Include="PlistCpp\include\boost\preprocessor\debug\error.hpp">
      <Filter>Header Files</Filter>
    </ClInclude>
    <ClInclude Include="PlistCpp\include\boost\preprocessor\detail\dmc\auto_rec.hpp">
      <Filter>Header Files</Filter>
    </ClInclude>
    <ClInclude Include="PlistCpp\include\boost\preprocessor\detail\auto_rec.hpp">
      <Filter>Header Files</Filter>
    </ClInclude>
    <ClInclude Include="PlistCpp\include\boost\preprocessor\detail\check.hpp">
      <Filter>Header Files</Filter>
    </ClInclude>
    <ClInclude Include="PlistCpp\include\boost\preprocessor\detail\is_binary.hpp">
      <Filter>Header Files</Filter>
    </ClInclude>
    <ClInclude Include="PlistCpp\include\boost\preprocessor\facilities\empty.hpp">
      <Filter>Header Files</Filter>
    </ClInclude>
    <ClInclude Include="PlistCpp\include\boost\preprocessor\facilities\identity.hpp">
      <Filter>Header Files</Filter>
    </ClInclude>
    <ClInclude Include="PlistCpp\include\boost\preprocessor\facilities\overload.hpp">
      <Filter>Header Files</Filter>
    </ClInclude>
    <ClInclude Include="PlistCpp\include\boost\preprocessor\iteration\detail\bounds\lower1.hpp">
      <Filter>Header Files</Filter>
    </ClInclude>
    <ClInclude Include="PlistCpp\include\boost\preprocessor\iteration\detail\bounds\lower2.hpp">
      <Filter>Header Files</Filter>
    </ClInclude>
    <ClInclude Include="PlistCpp\include\boost\preprocessor\iteration\detail\bounds\lower3.hpp">
      <Filter>Header Files</Filter>
    </ClInclude>
    <ClInclude Include="PlistCpp\include\boost\preprocessor\iteration\detail\bounds\lower4.hpp">
      <Filter>Header Files</Filter>
    </ClInclude>
    <ClInclude Include="PlistCpp\include\boost\preprocessor\iteration\detail\bounds\lower5.hpp">
      <Filter>Header Files</Filter>
    </ClInclude>
    <ClInclude Include="PlistCpp\include\boost\preprocessor\iteration\detail\bounds\upper1.hpp">
      <Filter>Header Files</Filter>
    </ClInclude>
    <ClInclude Include="PlistCpp\include\boost\preprocessor\iteration\detail\bounds\upper2.hpp">
      <Filter>Header Files</Filter>
    </ClInclude>
    <ClInclude Include="PlistCpp\include\boost\preprocessor\iteration\detail\bounds\upper3.hpp">
      <Filter>Header Files</Filter>
    </ClInclude>
    <ClInclude Include="PlistCpp\include\boost\preprocessor\iteration\detail\bounds\upper4.hpp">
      <Filter>Header Files</Filter>
    </ClInclude>
    <ClInclude Include="PlistCpp\include\boost\preprocessor\iteration\detail\bounds\upper5.hpp">
      <Filter>Header Files</Filter>
    </ClInclude>
    <ClInclude Include="PlistCpp\include\boost\preprocessor\iteration\detail\iter\forward1.hpp">
      <Filter>Header Files</Filter>
    </ClInclude>
    <ClInclude Include="PlistCpp\include\boost\preprocessor\iteration\detail\iter\forward2.hpp">
      <Filter>Header Files</Filter>
    </ClInclude>
    <ClInclude Include="PlistCpp\include\boost\preprocessor\iteration\detail\iter\forward3.hpp">
      <Filter>Header Files</Filter>
    </ClInclude>
    <ClInclude Include="PlistCpp\include\boost\preprocessor\iteration\detail\iter\forward4.hpp">
      <Filter>Header Files</Filter>
    </ClInclude>
    <ClInclude Include="PlistCpp\include\boost\preprocessor\iteration\detail\iter\forward5.hpp">
      <Filter>Header Files</Filter>
    </ClInclude>
    <ClInclude Include="PlistCpp\include\boost\preprocessor\iteration\detail\iter\reverse1.hpp">
      <Filter>Header Files</Filter>
    </ClInclude>
    <ClInclude Include="PlistCpp\include\boost\preprocessor\iteration\detail\iter\reverse2.hpp">
      <Filter>Header Files</Filter>
    </ClInclude>
    <ClInclude Include="PlistCpp\include\boost\preprocessor\iteration\detail\iter\reverse3.hpp">
      <Filter>Header Files</Filter>
    </ClInclude>
    <ClInclude Include="PlistCpp\include\boost\preprocessor\iteration\detail\iter\reverse4.hpp">
      <Filter>Header Files</Filter>
    </ClInclude>
    <ClInclude Include="PlistCpp\include\boost\preprocessor\iteration\detail\iter\reverse5.hpp">
      <Filter>Header Files</Filter>
    </ClInclude>
    <ClInclude Include="PlistCpp\include\boost\preprocessor\iteration\detail\finish.hpp">
      <Filter>Header Files</Filter>
    </ClInclude>
    <ClInclude Include="PlistCpp\include\boost\preprocessor\iteration\detail\local.hpp">
      <Filter>Header Files</Filter>
    </ClInclude>
    <ClInclude Include="PlistCpp\include\boost\preprocessor\iteration\detail\rlocal.hpp">
      <Filter>Header Files</Filter>
    </ClInclude>
    <ClInclude Include="PlistCpp\include\boost\preprocessor\iteration\detail\self.hpp">
      <Filter>Header Files</Filter>
    </ClInclude>
    <ClInclude Include="PlistCpp\include\boost\preprocessor\iteration\detail\start.hpp">
      <Filter>Header Files</Filter>
    </ClInclude>
    <ClInclude Include="PlistCpp\include\boost\preprocessor\iteration\iterate.hpp">
      <Filter>Header Files</Filter>
    </ClInclude>
    <ClInclude Include="PlistCpp\include\boost\preprocessor\iteration\local.hpp">
      <Filter>Header Files</Filter>
    </ClInclude>
    <ClInclude Include="PlistCpp\include\boost\preprocessor\iteration\self.hpp">
      <Filter>Header Files</Filter>
    </ClInclude>
    <ClInclude Include="PlistCpp\include\boost\preprocessor\list\detail\dmc\fold_left.hpp">
      <Filter>Header Files</Filter>
    </ClInclude>
    <ClInclude Include="PlistCpp\include\boost\preprocessor\list\detail\edg\fold_left.hpp">
      <Filter>Header Files</Filter>
    </ClInclude>
    <ClInclude Include="PlistCpp\include\boost\preprocessor\list\detail\edg\fold_right.hpp">
      <Filter>Header Files</Filter>
    </ClInclude>
    <ClInclude Include="PlistCpp\include\boost\preprocessor\list\detail\fold_left.hpp">
      <Filter>Header Files</Filter>
    </ClInclude>
    <ClInclude Include="PlistCpp\include\boost\preprocessor\list\detail\fold_right.hpp">
      <Filter>Header Files</Filter>
    </ClInclude>
    <ClInclude Include="PlistCpp\include\boost\preprocessor\list\adt.hpp">
      <Filter>Header Files</Filter>
    </ClInclude>
    <ClInclude Include="PlistCpp\include\boost\preprocessor\list\fold_left.hpp">
      <Filter>Header Files</Filter>
    </ClInclude>
    <ClInclude Include="PlistCpp\include\boost\preprocessor\list\fold_right.hpp">
      <Filter>Header Files</Filter>
    </ClInclude>
    <ClInclude Include="PlistCpp\include\boost\preprocessor\list\for_each_i.hpp">
      <Filter>Header Files</Filter>
    </ClInclude>
    <ClInclude Include="PlistCpp\include\boost\preprocessor\list\reverse.hpp">
      <Filter>Header Files</Filter>
    </ClInclude>
    <ClInclude Include="PlistCpp\include\boost\preprocessor\logical\and.hpp">
      <Filter>Header Files</Filter>
    </ClInclude>
    <ClInclude Include="PlistCpp\include\boost\preprocessor\logical\bitand.hpp">
      <Filter>Header Files</Filter>
    </ClInclude>
    <ClInclude Include="PlistCpp\include\boost\preprocessor\logical\bool.hpp">
      <Filter>Header Files</Filter>
    </ClInclude>
    <ClInclude Include="PlistCpp\include\boost\preprocessor\logical\compl.hpp">
      <Filter>Header Files</Filter>
    </ClInclude>
    <ClInclude Include="PlistCpp\include\boost\preprocessor\punctuation\comma.hpp">
      <Filter>Header Files</Filter>
    </ClInclude>
    <ClInclude Include="PlistCpp\include\boost\preprocessor\punctuation\comma_if.hpp">
      <Filter>Header Files</Filter>
    </ClInclude>
    <ClInclude Include="PlistCpp\include\boost\preprocessor\repetition\detail\dmc\for.hpp">
      <Filter>Header Files</Filter>
    </ClInclude>
    <ClInclude Include="PlistCpp\include\boost\preprocessor\repetition\detail\edg\for.hpp">
      <Filter>Header Files</Filter>
    </ClInclude>
    <ClInclude Include="PlistCpp\include\boost\preprocessor\repetition\detail\msvc\for.hpp">
      <Filter>Header Files</Filter>
    </ClInclude>
    <ClInclude Include="PlistCpp\include\boost\preprocessor\repetition\detail\for.hpp">
      <Filter>Header Files</Filter>
    </ClInclude>
    <ClInclude Include="PlistCpp\include\boost\preprocessor\repetition\enum_params.hpp">
      <Filter>Header Files</Filter>
    </ClInclude>
    <ClInclude Include="PlistCpp\include\boost\preprocessor\repetition\for.hpp">
      <Filter>Header Files</Filter>
    </ClInclude>
    <ClInclude Include="PlistCpp\include\boost\preprocessor\repetition\repeat.hpp">
      <Filter>Header Files</Filter>
    </ClInclude>
    <ClInclude Include="PlistCpp\include\boost\preprocessor\slot\detail\counter.hpp">
      <Filter>Header Files</Filter>
    </ClInclude>
    <ClInclude Include="PlistCpp\include\boost\preprocessor\slot\detail\def.hpp">
      <Filter>Header Files</Filter>
    </ClInclude>
    <ClInclude Include="PlistCpp\include\boost\preprocessor\slot\detail\shared.hpp">
      <Filter>Header Files</Filter>
    </ClInclude>
    <ClInclude Include="PlistCpp\include\boost\preprocessor\slot\detail\slot1.hpp">
      <Filter>Header Files</Filter>
    </ClInclude>
    <ClInclude Include="PlistCpp\include\boost\preprocessor\slot\detail\slot2.hpp">
      <Filter>Header Files</Filter>
    </ClInclude>
    <ClInclude Include="PlistCpp\include\boost\preprocessor\slot\detail\slot3.hpp">
      <Filter>Header Files</Filter>
    </ClInclude>
    <ClInclude Include="PlistCpp\include\boost\preprocessor\slot\detail\slot4.hpp">
      <Filter>Header Files</Filter>
    </ClInclude>
    <ClInclude Include="PlistCpp\include\boost\preprocessor\slot\detail\slot5.hpp">
      <Filter>Header Files</Filter>
    </ClInclude>
    <ClInclude Include="PlistCpp\include\boost\preprocessor\slot\slot.hpp">
      <Filter>Header Files</Filter>
    </ClInclude>
    <ClInclude Include="PlistCpp\include\boost\preprocessor\tuple\eat.hpp">
      <Filter>Header Files</Filter>
    </ClInclude>
    <ClInclude Include="PlistCpp\include\boost\preprocessor\tuple\elem.hpp">
      <Filter>Header Files</Filter>
    </ClInclude>
    <ClInclude Include="PlistCpp\include\boost\preprocessor\tuple\rem.hpp">
      <Filter>Header Files</Filter>
    </ClInclude>
    <ClInclude Include="PlistCpp\include\boost\preprocessor\tuple\to_list.hpp">
      <Filter>Header Files</Filter>
    </ClInclude>
    <ClInclude Include="PlistCpp\include\boost\preprocessor\variadic\elem.hpp">
      <Filter>Header Files</Filter>
    </ClInclude>
    <ClInclude Include="PlistCpp\include\boost\preprocessor\variadic\size.hpp">
      <Filter>Header Files</Filter>
    </ClInclude>
    <ClInclude Include="PlistCpp\include\boost\preprocessor\cat.hpp">
      <Filter>Header Files</Filter>
    </ClInclude>
    <ClInclude Include="PlistCpp\include\boost\preprocessor\comma_if.hpp">
      <Filter>Header Files</Filter>
    </ClInclude>
    <ClInclude Include="PlistCpp\include\boost\preprocessor\empty.hpp">
      <Filter>Header Files</Filter>
    </ClInclude>
    <ClInclude Include="PlistCpp\include\boost\preprocessor\enum_params.hpp">
      <Filter>Header Files</Filter>
    </ClInclude>
    <ClInclude Include="PlistCpp\include\boost\preprocessor\identity.hpp">
      <Filter>Header Files</Filter>
    </ClInclude>
    <ClInclude Include="PlistCpp\include\boost\preprocessor\inc.hpp">
      <Filter>Header Files</Filter>
    </ClInclude>
    <ClInclude Include="PlistCpp\include\boost\preprocessor\iterate.hpp">
      <Filter>Header Files</Filter>
    </ClInclude>
    <ClInclude Include="PlistCpp\include\boost\preprocessor\repeat.hpp">
      <Filter>Header Files</Filter>
    </ClInclude>
    <ClInclude Include="PlistCpp\include\boost\type_traits\detail\bool_trait_def.hpp">
      <Filter>Header Files</Filter>
    </ClInclude>
    <ClInclude Include="PlistCpp\include\boost\type_traits\detail\bool_trait_undef.hpp">
      <Filter>Header Files</Filter>
    </ClInclude>
    <ClInclude Include="PlistCpp\include\boost\type_traits\detail\cv_traits_impl.hpp">
      <Filter>Header Files</Filter>
    </ClInclude>
    <ClInclude Include="PlistCpp\include\boost\type_traits\detail\false_result.hpp">
      <Filter>Header Files</Filter>
    </ClInclude>
    <ClInclude Include="PlistCpp\include\boost\type_traits\detail\ice_and.hpp">
      <Filter>Header Files</Filter>
    </ClInclude>
    <ClInclude Include="PlistCpp\include\boost\type_traits\detail\ice_eq.hpp">
      <Filter>Header Files</Filter>
    </ClInclude>
    <ClInclude Include="PlistCpp\include\boost\type_traits\detail\ice_not.hpp">
      <Filter>Header Files</Filter>
    </ClInclude>
    <ClInclude Include="PlistCpp\include\boost\type_traits\detail\ice_or.hpp">
      <Filter>Header Files</Filter>
    </ClInclude>
    <ClInclude Include="PlistCpp\include\boost\type_traits\detail\is_function_ptr_helper.hpp">
      <Filter>Header Files</Filter>
    </ClInclude>
    <ClInclude Include="PlistCpp\include\boost\type_traits\detail\is_function_ptr_tester.hpp">
      <Filter>Header Files</Filter>
    </ClInclude>
    <ClInclude Include="PlistCpp\include\boost\type_traits\detail\template_arity_spec.hpp">
      <Filter>Header Files</Filter>
    </ClInclude>
    <ClInclude Include="PlistCpp\include\boost\type_traits\detail\type_trait_def.hpp">
      <Filter>Header Files</Filter>
    </ClInclude>
    <ClInclude Include="PlistCpp\include\boost\type_traits\detail\type_trait_undef.hpp">
      <Filter>Header Files</Filter>
    </ClInclude>
    <ClInclude Include="PlistCpp\include\boost\type_traits\detail\wrap.hpp">
      <Filter>Header Files</Filter>
    </ClInclude>
    <ClInclude Include="PlistCpp\include\boost\type_traits\detail\yes_no_type.hpp">
      <Filter>Header Files</Filter>
    </ClInclude>
    <ClInclude Include="PlistCpp\include\boost\type_traits\msvc\remove_bounds.hpp">
      <Filter>Header Files</Filter>
    </ClInclude>
    <ClInclude Include="PlistCpp\include\boost\type_traits\msvc\remove_reference.hpp">
      <Filter>Header Files</Filter>
    </ClInclude>
    <ClInclude Include="PlistCpp\include\boost\type_traits\msvc\typeof.hpp">
      <Filter>Header Files</Filter>
    </ClInclude>
    <ClInclude Include="PlistCpp\include\boost\type_traits\add_pointer.hpp">
      <Filter>Header Files</Filter>
    </ClInclude>
    <ClInclude Include="PlistCpp\include\boost\type_traits\add_reference.hpp">
      <Filter>Header Files</Filter>
    </ClInclude>
    <ClInclude Include="PlistCpp\include\boost\type_traits\broken_compiler_spec.hpp">
      <Filter>Header Files</Filter>
    </ClInclude>
    <ClInclude Include="PlistCpp\include\boost\type_traits\config.hpp">
      <Filter>Header Files</Filter>
    </ClInclude>
    <ClInclude Include="PlistCpp\include\boost\type_traits\decay.hpp">
      <Filter>Header Files</Filter>
    </ClInclude>
    <ClInclude Include="PlistCpp\include\boost\type_traits\ice.hpp">
      <Filter>Header Files</Filter>
    </ClInclude>
    <ClInclude Include="PlistCpp\include\boost\type_traits\integral_constant.hpp">
      <Filter>Header Files</Filter>
    </ClInclude>
    <ClInclude Include="PlistCpp\include\boost\type_traits\is_array.hpp">
      <Filter>Header Files</Filter>
    </ClInclude>
    <ClInclude Include="PlistCpp\include\boost\type_traits\is_const.hpp">
      <Filter>Header Files</Filter>
    </ClInclude>
    <ClInclude Include="PlistCpp\include\boost\type_traits\is_function.hpp">
      <Filter>Header Files</Filter>
    </ClInclude>
    <ClInclude Include="PlistCpp\include\boost\type_traits\is_lvalue_reference.hpp">
      <Filter>Header Files</Filter>
    </ClInclude>
    <ClInclude Include="PlistCpp\include\boost\type_traits\is_reference.hpp">
      <Filter>Header Files</Filter>
    </ClInclude>
    <ClInclude Include="PlistCpp\include\boost\type_traits\is_rvalue_reference.hpp">
      <Filter>Header Files</Filter>
    </ClInclude>
    <ClInclude Include="PlistCpp\include\boost\type_traits\is_same.hpp">
      <Filter>Header Files</Filter>
    </ClInclude>
    <ClInclude Include="PlistCpp\include\boost\type_traits\remove_bounds.hpp">
      <Filter>Header Files</Filter>
    </ClInclude>
    <ClInclude Include="PlistCpp\include\boost\type_traits\remove_reference.hpp">
      <Filter>Header Files</Filter>
    </ClInclude>
    <ClInclude Include="PlistCpp\include\boost\utility\enable_if.hpp">
      <Filter>Header Files</Filter>
    </ClInclude>
    <ClInclude Include="PlistCpp\include\boost\any.hpp">
      <Filter>Header Files</Filter>
    </ClInclude>
    <ClInclude Include="PlistCpp\include\boost\config.hpp">
      <Filter>Header Files</Filter>
    </ClInclude>
    <ClInclude Include="PlistCpp\include\boost\cstdint.hpp">
      <Filter>Header Files</Filter>
    </ClInclude>
    <ClInclude Include="PlistCpp\include\boost\current_function.hpp">
      <Filter>Header Files</Filter>
    </ClInclude>
    <ClInclude Include="PlistCpp\include\boost\limits.hpp">
      <Filter>Header Files</Filter>
    </ClInclude>
    <ClInclude Include="PlistCpp\include\boost\static_assert.hpp">
      <Filter>Header Files</Filter>
    </ClInclude>
    <ClInclude Include="PlistCpp\include\boost\throw_exception.hpp">
      <Filter>Header Files</Filter>
    </ClInclude>
    <ClInclude Include="PlistCpp\include\boost\version.hpp">
      <Filter>Header Files</Filter>
    </ClInclude>
    <ClInclude Include="FileHelper.h">
      <Filter>Header Files</Filter>
    </ClInclude>
    <ClInclude Include="SocketHelper.h">
      <Filter>Header Files</Filter>
    </ClInclude>
    <ClInclude Include="StringHelper.h">
      <Filter>Header Files</Filter>
    </ClInclude>
    <ClInclude Include="GDBHelper.h">
      <Filter>Header Files</Filter>
    </ClInclude>
    <ClInclude Include="Constants.h">
      <Filter>Header Files</Filter>
    </ClInclude>
    <ClInclude Include="Printing.h">
      <Filter>Header Files</Filter>
    </ClInclude>
    <ClInclude Include="CommonFunctions.h">
      <Filter>Header Files</Filter>
    </ClInclude>
  </ItemGroup>
</Project>